
Microsoft Visual Studio Solution File, Format Version 12.00
# Visual Studio Version 17
VisualStudioVersion = 17.11.35208.52
MinimumVisualStudioVersion = 10.0.40219.1
Project("{9A19103F-16F7-4668-BE54-9A1E7A4F7556}") = "RythmGame", "Project1\RythmGame.csproj", "{E714998C-06DC-4389-B5C4-0E64132DA497}"
EndProject
Global
	GlobalSection(SolutionConfigurationPlatforms) = preSolution
		Debug|Any CPU = Debug|Any CPU
		Release|Any CPU = Release|Any CPU
	EndGlobalSection
	GlobalSection(ProjectConfigurationPlatforms) = postSolution
		{E714998C-06DC-4389-B5C4-0E64132DA497}.Debug|Any CPU.ActiveCfg = Debug|Any CPU
		{E714998C-06DC-4389-B5C4-0E64132DA497}.Debug|Any CPU.Build.0 = Debug|Any CPU
		{E714998C-06DC-4389-B5C4-0E64132DA497}.Release|Any CPU.ActiveCfg = Release|Any CPU
		{E714998C-06DC-4389-B5C4-0E64132DA497}.Release|Any CPU.Build.0 = Release|Any CPU
	EndGlobalSection
	GlobalSection(SolutionProperties) = preSolution
		HideSolutionNode = FALSE
	EndGlobalSection
	GlobalSection(ExtensibilityGlobals) = postSolution
		SolutionGuid = {F1085F51-D832-4C62-B92E-7AF0E9F12642}
	EndGlobalSection
EndGlobal
